// !$*UTF8*$!
{
	archiveVersion = 1;
	classes = {
	};
	objectVersion = 52;
	objects = {

/* Begin PBXBuildFile section */
		64DD966026546F08002542A6 /* HavaMomentoMvvmApp.swift in Sources */ = {isa = PBXBuildFile; fileRef = 64DD965F26546F08002542A6 /* HavaMomentoMvvmApp.swift */; };
		64DD966226546F08002542A6 /* ContentView.swift in Sources */ = {isa = PBXBuildFile; fileRef = 64DD966126546F08002542A6 /* ContentView.swift */; };
		64DD966426546F08002542A6 /* Assets.xcassets in Resources */ = {isa = PBXBuildFile; fileRef = 64DD966326546F08002542A6 /* Assets.xcassets */; };
		64DD966726546F08002542A6 /* Preview Assets.xcassets in Resources */ = {isa = PBXBuildFile; fileRef = 64DD966626546F08002542A6 /* Preview Assets.xcassets */; };
		64DD967226546F08002542A6 /* HavaMomentoMvvmTests.swift in Sources */ = {isa = PBXBuildFile; fileRef = 64DD967126546F08002542A6 /* HavaMomentoMvvmTests.swift */; };
		64DD967D26546F08002542A6 /* HavaMomentoMvvmUITests.swift in Sources */ = {isa = PBXBuildFile; fileRef = 64DD967C26546F08002542A6 /* HavaMomentoMvvmUITests.swift */; };
		64DD969526546FA1002542A6 /* Api.swift in Sources */ = {isa = PBXBuildFile; fileRef = 64DD969426546FA1002542A6 /* Api.swift */; };
		64DD969D26546FDC002542A6 /* API+Extensions.swift in Sources */ = {isa = PBXBuildFile; fileRef = 64DD969C26546FDC002542A6 /* API+Extensions.swift */; };
		64DD96A226547138002542A6 /* NetworkManager.swift in Sources */ = {isa = PBXBuildFile; fileRef = 64DD96A126547138002542A6 /* NetworkManager.swift */; };
		64DD96A7265476C2002542A6 /* WeatherResponse.swift in Sources */ = {isa = PBXBuildFile; fileRef = 64DD96A6265476C2002542A6 /* WeatherResponse.swift */; };
		64DD96AC26547704002542A6 /* Weather.swift in Sources */ = {isa = PBXBuildFile; fileRef = 64DD96AB26547704002542A6 /* Weather.swift */; };
		64DD96B12654771D002542A6 /* WeatherDetail.swift in Sources */ = {isa = PBXBuildFile; fileRef = 64DD96B02654771D002542A6 /* WeatherDetail.swift */; };
		64DD96B626547737002542A6 /* WeatherDaily.swift in Sources */ = {isa = PBXBuildFile; fileRef = 64DD96B526547737002542A6 /* WeatherDaily.swift */; };
		64DD96BB26547BFE002542A6 /* Temperature.swift in Sources */ = {isa = PBXBuildFile; fileRef = 64DD96BA26547BFE002542A6 /* Temperature.swift */; };
		64DD96C026547F48002542A6 /* CityViewModel.swift in Sources */ = {isa = PBXBuildFile; fileRef = 64DD96BF26547F48002542A6 /* CityViewModel.swift */; };
		64DD96C626549068002542A6 /* Lottie in Frameworks */ = {isa = PBXBuildFile; productRef = 64DD96C526549068002542A6 /* Lottie */; };
		64DD96CB2654910E002542A6 /* LottieView.swift in Sources */ = {isa = PBXBuildFile; fileRef = 64DD96CA2654910E002542A6 /* LottieView.swift */; };
		64DD96D4265494C4002542A6 /* 35743-weather-day-snow.json in Resources */ = {isa = PBXBuildFile; fileRef = 64DD96CF265494C4002542A6 /* 35743-weather-day-snow.json */; };
		64DD96D6265494C4002542A6 /* 35778-weather-night-scattered-clouds.json in Resources */ = {isa = PBXBuildFile; fileRef = 64DD96D1265494C4002542A6 /* 35778-weather-night-scattered-clouds.json */; };
		64DD96D7265494C4002542A6 /* 35631-weather-day-scattered-clouds.json in Resources */ = {isa = PBXBuildFile; fileRef = 64DD96D2265494C4002542A6 /* 35631-weather-day-scattered-clouds.json */; };
		64DD96D8265494C4002542A6 /* 35627-weather-day-clear-sky.json in Resources */ = {isa = PBXBuildFile; fileRef = 64DD96D3265494C4002542A6 /* 35627-weather-day-clear-sky.json */; };
		64DD96E5265494DD002542A6 /* 35749-weather-day-mist.json in Resources */ = {isa = PBXBuildFile; fileRef = 64DD96DC265494DC002542A6 /* 35749-weather-day-mist.json */; };
		64DD96E6265494DD002542A6 /* 35724-weather-day-rain.json in Resources */ = {isa = PBXBuildFile; fileRef = 64DD96DD265494DD002542A6 /* 35724-weather-day-rain.json */; };
		64DD96E7265494DD002542A6 /* 35690-weather-day-broken-clouds.json in Resources */ = {isa = PBXBuildFile; fileRef = 64DD96DE265494DD002542A6 /* 35690-weather-day-broken-clouds.json */; };
		64DD96E8265494DD002542A6 /* 35707-weather-day-shower-rains.json in Resources */ = {isa = PBXBuildFile; fileRef = 64DD96DF265494DD002542A6 /* 35707-weather-day-shower-rains.json */; };
		64DD96EA265494DD002542A6 /* 35630-weather-day-few-clouds.json in Resources */ = {isa = PBXBuildFile; fileRef = 64DD96E1265494DD002542A6 /* 35630-weather-day-few-clouds.json */; };
		64DD96EB265494DD002542A6 /* 35752-weather-night-snow.json in Resources */ = {isa = PBXBuildFile; fileRef = 64DD96E2265494DD002542A6 /* 35752-weather-night-snow.json */; };
		64DD96EC265494DD002542A6 /* 35755-weather-night-thunderstorm.json in Resources */ = {isa = PBXBuildFile; fileRef = 64DD96E3265494DD002542A6 /* 35755-weather-night-thunderstorm.json */; };
		64DD96FC26549519002542A6 /* 35733-weather-day-thunderstorm.json in Resources */ = {isa = PBXBuildFile; fileRef = 64DD96FA26549519002542A6 /* 35733-weather-day-thunderstorm.json */; };
		64DD970526549582002542A6 /* MenuHeaderView.swift in Sources */ = {isa = PBXBuildFile; fileRef = 64DD970426549582002542A6 /* MenuHeaderView.swift */; };
		64DD970A265498A4002542A6 /* CityNameView.swift in Sources */ = {isa = PBXBuildFile; fileRef = 64DD9709265498A4002542A6 /* CityNameView.swift */; };
		64DD970F265499B5002542A6 /* TodayWeatherView.swift in Sources */ = {isa = PBXBuildFile; fileRef = 64DD970E265499B5002542A6 /* TodayWeatherView.swift */; };
		64DD97142654A6FD002542A6 /* HourlyWeatherView.swift in Sources */ = {isa = PBXBuildFile; fileRef = 64DD97132654A6FD002542A6 /* HourlyWeatherView.swift */; };
		64DD97192654AA69002542A6 /* DailyWeatherView.swift in Sources */ = {isa = PBXBuildFile; fileRef = 64DD97182654AA69002542A6 /* DailyWeatherView.swift */; };
		64DD971E2654AEF4002542A6 /* CityView.swift in Sources */ = {isa = PBXBuildFile; fileRef = 64DD971D2654AEF4002542A6 /* CityView.swift */; };
/* End PBXBuildFile section */

/* Begin PBXContainerItemProxy section */
		64DD966E26546F08002542A6 /* PBXContainerItemProxy */ = {
			isa = PBXContainerItemProxy;
			containerPortal = 64DD965426546F08002542A6 /* Project object */;
			proxyType = 1;
			remoteGlobalIDString = 64DD965B26546F08002542A6;
			remoteInfo = HavaMomentoMvvm;
		};
		64DD967926546F08002542A6 /* PBXContainerItemProxy */ = {
			isa = PBXContainerItemProxy;
			containerPortal = 64DD965426546F08002542A6 /* Project object */;
			proxyType = 1;
			remoteGlobalIDString = 64DD965B26546F08002542A6;
			remoteInfo = HavaMomentoMvvm;
		};
/* End PBXContainerItemProxy section */

/* Begin PBXFileReference section */
		64DD965C26546F08002542A6 /* HavaMomentoMvvm.app */ = {isa = PBXFileReference; explicitFileType = wrapper.application; includeInIndex = 0; path = HavaMomentoMvvm.app; sourceTree = BUILT_PRODUCTS_DIR; };
		64DD965F26546F08002542A6 /* HavaMomentoMvvmApp.swift */ = {isa = PBXFileReference; lastKnownFileType = sourcecode.swift; path = HavaMomentoMvvmApp.swift; sourceTree = "<group>"; };
		64DD966126546F08002542A6 /* ContentView.swift */ = {isa = PBXFileReference; lastKnownFileType = sourcecode.swift; path = ContentView.swift; sourceTree = "<group>"; };
		64DD966326546F08002542A6 /* Assets.xcassets */ = {isa = PBXFileReference; lastKnownFileType = folder.assetcatalog; path = Assets.xcassets; sourceTree = "<group>"; };
		64DD966626546F08002542A6 /* Preview Assets.xcassets */ = {isa = PBXFileReference; lastKnownFileType = folder.assetcatalog; path = "Preview Assets.xcassets"; sourceTree = "<group>"; };
		64DD966826546F08002542A6 /* Info.plist */ = {isa = PBXFileReference; lastKnownFileType = text.plist.xml; path = Info.plist; sourceTree = "<group>"; };
		64DD966D26546F08002542A6 /* HavaMomentoMvvmTests.xctest */ = {isa = PBXFileReference; explicitFileType = wrapper.cfbundle; includeInIndex = 0; path = HavaMomentoMvvmTests.xctest; sourceTree = BUILT_PRODUCTS_DIR; };
		64DD967126546F08002542A6 /* HavaMomentoMvvmTests.swift */ = {isa = PBXFileReference; lastKnownFileType = sourcecode.swift; path = HavaMomentoMvvmTests.swift; sourceTree = "<group>"; };
		64DD967326546F08002542A6 /* Info.plist */ = {isa = PBXFileReference; lastKnownFileType = text.plist.xml; path = Info.plist; sourceTree = "<group>"; };
		64DD967826546F08002542A6 /* HavaMomentoMvvmUITests.xctest */ = {isa = PBXFileReference; explicitFileType = wrapper.cfbundle; includeInIndex = 0; path = HavaMomentoMvvmUITests.xctest; sourceTree = BUILT_PRODUCTS_DIR; };
		64DD967C26546F08002542A6 /* HavaMomentoMvvmUITests.swift */ = {isa = PBXFileReference; lastKnownFileType = sourcecode.swift; path = HavaMomentoMvvmUITests.swift; sourceTree = "<group>"; };
		64DD967E26546F08002542A6 /* Info.plist */ = {isa = PBXFileReference; lastKnownFileType = text.plist.xml; path = Info.plist; sourceTree = "<group>"; };
		64DD969426546FA1002542A6 /* Api.swift */ = {isa = PBXFileReference; lastKnownFileType = sourcecode.swift; path = Api.swift; sourceTree = "<group>"; };
		64DD969C26546FDC002542A6 /* API+Extensions.swift */ = {isa = PBXFileReference; lastKnownFileType = sourcecode.swift; path = "API+Extensions.swift"; sourceTree = "<group>"; };
		64DD96A126547138002542A6 /* NetworkManager.swift */ = {isa = PBXFileReference; lastKnownFileType = sourcecode.swift; path = NetworkManager.swift; sourceTree = "<group>"; };
		64DD96A6265476C2002542A6 /* WeatherResponse.swift */ = {isa = PBXFileReference; lastKnownFileType = sourcecode.swift; path = WeatherResponse.swift; sourceTree = "<group>"; };
		64DD96AB26547704002542A6 /* Weather.swift */ = {isa = PBXFileReference; lastKnownFileType = sourcecode.swift; path = Weather.swift; sourceTree = "<group>"; };
		64DD96B02654771D002542A6 /* WeatherDetail.swift */ = {isa = PBXFileReference; lastKnownFileType = sourcecode.swift; path = WeatherDetail.swift; sourceTree = "<group>"; };
		64DD96B526547737002542A6 /* WeatherDaily.swift */ = {isa = PBXFileReference; lastKnownFileType = sourcecode.swift; path = WeatherDaily.swift; sourceTree = "<group>"; };
		64DD96BA26547BFE002542A6 /* Temperature.swift */ = {isa = PBXFileReference; lastKnownFileType = sourcecode.swift; path = Temperature.swift; sourceTree = "<group>"; };
		64DD96BF26547F48002542A6 /* CityViewModel.swift */ = {isa = PBXFileReference; lastKnownFileType = sourcecode.swift; path = CityViewModel.swift; sourceTree = "<group>"; };
		64DD96CA2654910E002542A6 /* LottieView.swift */ = {isa = PBXFileReference; lastKnownFileType = sourcecode.swift; path = LottieView.swift; sourceTree = "<group>"; };
		64DD96CF265494C4002542A6 /* 35743-weather-day-snow.json */ = {isa = PBXFileReference; fileEncoding = 4; lastKnownFileType = text.json; path = "35743-weather-day-snow.json"; sourceTree = "<group>"; };
		64DD96D1265494C4002542A6 /* 35778-weather-night-scattered-clouds.json */ = {isa = PBXFileReference; fileEncoding = 4; lastKnownFileType = text.json; path = "35778-weather-night-scattered-clouds.json"; sourceTree = "<group>"; };
		64DD96D2265494C4002542A6 /* 35631-weather-day-scattered-clouds.json */ = {isa = PBXFileReference; fileEncoding = 4; lastKnownFileType = text.json; path = "35631-weather-day-scattered-clouds.json"; sourceTree = "<group>"; };
		64DD96D3265494C4002542A6 /* 35627-weather-day-clear-sky.json */ = {isa = PBXFileReference; fileEncoding = 4; lastKnownFileType = text.json; path = "35627-weather-day-clear-sky.json"; sourceTree = "<group>"; };
		64DD96DC265494DC002542A6 /* 35749-weather-day-mist.json */ = {isa = PBXFileReference; fileEncoding = 4; lastKnownFileType = text.json; path = "35749-weather-day-mist.json"; sourceTree = "<group>"; };
		64DD96DD265494DD002542A6 /* 35724-weather-day-rain.json */ = {isa = PBXFileReference; fileEncoding = 4; lastKnownFileType = text.json; path = "35724-weather-day-rain.json"; sourceTree = "<group>"; };
		64DD96DE265494DD002542A6 /* 35690-weather-day-broken-clouds.json */ = {isa = PBXFileReference; fileEncoding = 4; lastKnownFileType = text.json; path = "35690-weather-day-broken-clouds.json"; sourceTree = "<group>"; };
		64DD96DF265494DD002542A6 /* 35707-weather-day-shower-rains.json */ = {isa = PBXFileReference; fileEncoding = 4; lastKnownFileType = text.json; path = "35707-weather-day-shower-rains.json"; sourceTree = "<group>"; };
		64DD96E1265494DD002542A6 /* 35630-weather-day-few-clouds.json */ = {isa = PBXFileReference; fileEncoding = 4; lastKnownFileType = text.json; path = "35630-weather-day-few-clouds.json"; sourceTree = "<group>"; };
		64DD96E2265494DD002542A6 /* 35752-weather-night-snow.json */ = {isa = PBXFileReference; fileEncoding = 4; lastKnownFileType = text.json; path = "35752-weather-night-snow.json"; sourceTree = "<group>"; };
		64DD96E3265494DD002542A6 /* 35755-weather-night-thunderstorm.json */ = {isa = PBXFileReference; fileEncoding = 4; lastKnownFileType = text.json; path = "35755-weather-night-thunderstorm.json"; sourceTree = "<group>"; };
		64DD96FA26549519002542A6 /* 35733-weather-day-thunderstorm.json */ = {isa = PBXFileReference; fileEncoding = 4; lastKnownFileType = text.json; path = "35733-weather-day-thunderstorm.json"; sourceTree = "<group>"; };
		64DD970426549582002542A6 /* MenuHeaderView.swift */ = {isa = PBXFileReference; lastKnownFileType = sourcecode.swift; path = MenuHeaderView.swift; sourceTree = "<group>"; };
		64DD9709265498A4002542A6 /* CityNameView.swift */ = {isa = PBXFileReference; lastKnownFileType = sourcecode.swift; path = CityNameView.swift; sourceTree = "<group>"; };
		64DD970E265499B5002542A6 /* TodayWeatherView.swift */ = {isa = PBXFileReference; lastKnownFileType = sourcecode.swift; path = TodayWeatherView.swift; sourceTree = "<group>"; };
		64DD97132654A6FD002542A6 /* HourlyWeatherView.swift */ = {isa = PBXFileReference; lastKnownFileType = sourcecode.swift; path = HourlyWeatherView.swift; sourceTree = "<group>"; };
		64DD97182654AA69002542A6 /* DailyWeatherView.swift */ = {isa = PBXFileReference; lastKnownFileType = sourcecode.swift; path = DailyWeatherView.swift; sourceTree = "<group>"; };
		64DD971D2654AEF4002542A6 /* CityView.swift */ = {isa = PBXFileReference; lastKnownFileType = sourcecode.swift; path = CityView.swift; sourceTree = "<group>"; };
/* End PBXFileReference section */

/* Begin PBXFrameworksBuildPhase section */
		64DD965926546F08002542A6 /* Frameworks */ = {
			isa = PBXFrameworksBuildPhase;
			buildActionMask = 2147483647;
			files = (
				64DD96C626549068002542A6 /* Lottie in Frameworks */,
			);
			runOnlyForDeploymentPostprocessing = 0;
		};
		64DD966A26546F08002542A6 /* Frameworks */ = {
			isa = PBXFrameworksBuildPhase;
			buildActionMask = 2147483647;
			files = (
			);
			runOnlyForDeploymentPostprocessing = 0;
		};
		64DD967526546F08002542A6 /* Frameworks */ = {
			isa = PBXFrameworksBuildPhase;
			buildActionMask = 2147483647;
			files = (
			);
			runOnlyForDeploymentPostprocessing = 0;
		};
/* End PBXFrameworksBuildPhase section */

/* Begin PBXGroup section */
		64DD965326546F08002542A6 = {
			isa = PBXGroup;
			children = (
				64DD965E26546F08002542A6 /* HavaMomentoMvvm */,
				64DD967026546F08002542A6 /* HavaMomentoMvvmTests */,
				64DD967B26546F08002542A6 /* HavaMomentoMvvmUITests */,
				64DD965D26546F08002542A6 /* Products */,
			);
			sourceTree = "<group>";
		};
		64DD965D26546F08002542A6 /* Products */ = {
			isa = PBXGroup;
			children = (
				64DD965C26546F08002542A6 /* HavaMomentoMvvm.app */,
				64DD966D26546F08002542A6 /* HavaMomentoMvvmTests.xctest */,
				64DD967826546F08002542A6 /* HavaMomentoMvvmUITests.xctest */,
			);
			name = Products;
			sourceTree = "<group>";
		};
		64DD965E26546F08002542A6 /* HavaMomentoMvvm */ = {
			isa = PBXGroup;
			children = (
				64DD969326546F81002542A6 /* LottieAnim */,
				64DD969226546F70002542A6 /* Networking */,
				64DD969126546F68002542A6 /* Models */,
				64DD969026546F5B002542A6 /* Views */,
				64DD968F26546F48002542A6 /* ViewModels */,
				64DD965F26546F08002542A6 /* HavaMomentoMvvmApp.swift */,
				64DD966126546F08002542A6 /* ContentView.swift */,
				64DD966326546F08002542A6 /* Assets.xcassets */,
				64DD966826546F08002542A6 /* Info.plist */,
				64DD966526546F08002542A6 /* Preview Content */,
			);
			path = HavaMomentoMvvm;
			sourceTree = "<group>";
		};
		64DD966526546F08002542A6 /* Preview Content */ = {
			isa = PBXGroup;
			children = (
				64DD966626546F08002542A6 /* Preview Assets.xcassets */,
			);
			path = "Preview Content";
			sourceTree = "<group>";
		};
		64DD967026546F08002542A6 /* HavaMomentoMvvmTests */ = {
			isa = PBXGroup;
			children = (
				64DD967126546F08002542A6 /* HavaMomentoMvvmTests.swift */,
				64DD967326546F08002542A6 /* Info.plist */,
			);
			path = HavaMomentoMvvmTests;
			sourceTree = "<group>";
		};
		64DD967B26546F08002542A6 /* HavaMomentoMvvmUITests */ = {
			isa = PBXGroup;
			children = (
				64DD967C26546F08002542A6 /* HavaMomentoMvvmUITests.swift */,
				64DD967E26546F08002542A6 /* Info.plist */,
			);
			path = HavaMomentoMvvmUITests;
			sourceTree = "<group>";
		};
		64DD968F26546F48002542A6 /* ViewModels */ = {
			isa = PBXGroup;
			children = (
				64DD96BF26547F48002542A6 /* CityViewModel.swift */,
			);
			path = ViewModels;
			sourceTree = "<group>";
		};
		64DD969026546F5B002542A6 /* Views */ = {
			isa = PBXGroup;
			children = (
				64DD96CA2654910E002542A6 /* LottieView.swift */,
				64DD970426549582002542A6 /* MenuHeaderView.swift */,
				64DD9709265498A4002542A6 /* CityNameView.swift */,
				64DD970E265499B5002542A6 /* TodayWeatherView.swift */,
				64DD97132654A6FD002542A6 /* HourlyWeatherView.swift */,
				64DD97182654AA69002542A6 /* DailyWeatherView.swift */,
				64DD971D2654AEF4002542A6 /* CityView.swift */,
			);
			path = Views;
			sourceTree = "<group>";
		};
		64DD969126546F68002542A6 /* Models */ = {
			isa = PBXGroup;
			children = (
				64DD96A6265476C2002542A6 /* WeatherResponse.swift */,
				64DD96AB26547704002542A6 /* Weather.swift */,
				64DD96B02654771D002542A6 /* WeatherDetail.swift */,
				64DD96B526547737002542A6 /* WeatherDaily.swift */,
				64DD96BA26547BFE002542A6 /* Temperature.swift */,
			);
			path = Models;
			sourceTree = "<group>";
		};
		64DD969226546F70002542A6 /* Networking */ = {
			isa = PBXGroup;
			children = (
				64DD969426546FA1002542A6 /* Api.swift */,
				64DD969C26546FDC002542A6 /* API+Extensions.swift */,
				64DD96A126547138002542A6 /* NetworkManager.swift */,
			);
			path = Networking;
			sourceTree = "<group>";
		};
		64DD969326546F81002542A6 /* LottieAnim */ = {
			isa = PBXGroup;
			children = (
				64DD96FA26549519002542A6 /* 35733-weather-day-thunderstorm.json */,
				64DD96E1265494DD002542A6 /* 35630-weather-day-few-clouds.json */,
				64DD96DE265494DD002542A6 /* 35690-weather-day-broken-clouds.json */,
				64DD96DF265494DD002542A6 /* 35707-weather-day-shower-rains.json */,
				64DD96DD265494DD002542A6 /* 35724-weather-day-rain.json */,
				64DD96DC265494DC002542A6 /* 35749-weather-day-mist.json */,
				64DD96E2265494DD002542A6 /* 35752-weather-night-snow.json */,
				64DD96E3265494DD002542A6 /* 35755-weather-night-thunderstorm.json */,
				64DD96D3265494C4002542A6 /* 35627-weather-day-clear-sky.json */,
				64DD96D2265494C4002542A6 /* 35631-weather-day-scattered-clouds.json */,
				64DD96CF265494C4002542A6 /* 35743-weather-day-snow.json */,
				64DD96D1265494C4002542A6 /* 35778-weather-night-scattered-clouds.json */,
			);
			path = LottieAnim;
			sourceTree = "<group>";
		};
/* End PBXGroup section */

/* Begin PBXNativeTarget section */
		64DD965B26546F08002542A6 /* HavaMomentoMvvm */ = {
			isa = PBXNativeTarget;
			buildConfigurationList = 64DD968126546F08002542A6 /* Build configuration list for PBXNativeTarget "HavaMomentoMvvm" */;
			buildPhases = (
				64DD965826546F08002542A6 /* Sources */,
				64DD965926546F08002542A6 /* Frameworks */,
				64DD965A26546F08002542A6 /* Resources */,
			);
			buildRules = (
			);
			dependencies = (
			);
			name = HavaMomentoMvvm;
			packageProductDependencies = (
				64DD96C526549068002542A6 /* Lottie */,
			);
			productName = HavaMomentoMvvm;
			productReference = 64DD965C26546F08002542A6 /* HavaMomentoMvvm.app */;
			productType = "com.apple.product-type.application";
		};
		64DD966C26546F08002542A6 /* HavaMomentoMvvmTests */ = {
			isa = PBXNativeTarget;
			buildConfigurationList = 64DD968426546F08002542A6 /* Build configuration list for PBXNativeTarget "HavaMomentoMvvmTests" */;
			buildPhases = (
				64DD966926546F08002542A6 /* Sources */,
				64DD966A26546F08002542A6 /* Frameworks */,
				64DD966B26546F08002542A6 /* Resources */,
			);
			buildRules = (
			);
			dependencies = (
				64DD966F26546F08002542A6 /* PBXTargetDependency */,
			);
			name = HavaMomentoMvvmTests;
			productName = HavaMomentoMvvmTests;
			productReference = 64DD966D26546F08002542A6 /* HavaMomentoMvvmTests.xctest */;
			productType = "com.apple.product-type.bundle.unit-test";
		};
		64DD967726546F08002542A6 /* HavaMomentoMvvmUITests */ = {
			isa = PBXNativeTarget;
			buildConfigurationList = 64DD968726546F08002542A6 /* Build configuration list for PBXNativeTarget "HavaMomentoMvvmUITests" */;
			buildPhases = (
				64DD967426546F08002542A6 /* Sources */,
				64DD967526546F08002542A6 /* Frameworks */,
				64DD967626546F08002542A6 /* Resources */,
			);
			buildRules = (
			);
			dependencies = (
				64DD967A26546F08002542A6 /* PBXTargetDependency */,
			);
			name = HavaMomentoMvvmUITests;
			productName = HavaMomentoMvvmUITests;
			productReference = 64DD967826546F08002542A6 /* HavaMomentoMvvmUITests.xctest */;
			productType = "com.apple.product-type.bundle.ui-testing";
		};
/* End PBXNativeTarget section */

/* Begin PBXProject section */
		64DD965426546F08002542A6 /* Project object */ = {
			isa = PBXProject;
			attributes = {
				LastSwiftUpdateCheck = 1220;
				LastUpgradeCheck = 1220;
				TargetAttributes = {
					64DD965B26546F08002542A6 = {
						CreatedOnToolsVersion = 12.2;
					};
					64DD966C26546F08002542A6 = {
						CreatedOnToolsVersion = 12.2;
						TestTargetID = 64DD965B26546F08002542A6;
					};
					64DD967726546F08002542A6 = {
						CreatedOnToolsVersion = 12.2;
						TestTargetID = 64DD965B26546F08002542A6;
					};
				};
			};
			buildConfigurationList = 64DD965726546F08002542A6 /* Build configuration list for PBXProject "HavaMomentoMvvm" */;
			compatibilityVersion = "Xcode 9.3";
			developmentRegion = en;
			hasScannedForEncodings = 0;
			knownRegions = (
				en,
				Base,
			);
			mainGroup = 64DD965326546F08002542A6;
			packageReferences = (
				64DD96C426549068002542A6 /* XCRemoteSwiftPackageReference "lottie-ios" */,
			);
			productRefGroup = 64DD965D26546F08002542A6 /* Products */;
			projectDirPath = "";
			projectRoot = "";
			targets = (
				64DD965B26546F08002542A6 /* HavaMomentoMvvm */,
				64DD966C26546F08002542A6 /* HavaMomentoMvvmTests */,
				64DD967726546F08002542A6 /* HavaMomentoMvvmUITests */,
			);
		};
/* End PBXProject section */

/* Begin PBXResourcesBuildPhase section */
		64DD965A26546F08002542A6 /* Resources */ = {
			isa = PBXResourcesBuildPhase;
			buildActionMask = 2147483647;
			files = (
				64DD96D7265494C4002542A6 /* 35631-weather-day-scattered-clouds.json in Resources */,
				64DD96E8265494DD002542A6 /* 35707-weather-day-shower-rains.json in Resources */,
				64DD96E6265494DD002542A6 /* 35724-weather-day-rain.json in Resources */,
				64DD96E5265494DD002542A6 /* 35749-weather-day-mist.json in Resources */,
				64DD966726546F08002542A6 /* Preview Assets.xcassets in Resources */,
				64DD96D4265494C4002542A6 /* 35743-weather-day-snow.json in Resources */,
				64DD96E7265494DD002542A6 /* 35690-weather-day-broken-clouds.json in Resources */,
				64DD966426546F08002542A6 /* Assets.xcassets in Resources */,
				64DD96FC26549519002542A6 /* 35733-weather-day-thunderstorm.json in Resources */,
				64DD96D8265494C4002542A6 /* 35627-weather-day-clear-sky.json in Resources */,
				64DD96D6265494C4002542A6 /* 35778-weather-night-scattered-clouds.json in Resources */,
				64DD96EC265494DD002542A6 /* 35755-weather-night-thunderstorm.json in Resources */,
				64DD96EA265494DD002542A6 /* 35630-weather-day-few-clouds.json in Resources */,
				64DD96EB265494DD002542A6 /* 35752-weather-night-snow.json in Resources */,
			);
			runOnlyForDeploymentPostprocessing = 0;
		};
		64DD966B26546F08002542A6 /* Resources */ = {
			isa = PBXResourcesBuildPhase;
			buildActionMask = 2147483647;
			files = (
			);
			runOnlyForDeploymentPostprocessing = 0;
		};
		64DD967626546F08002542A6 /* Resources */ = {
			isa = PBXResourcesBuildPhase;
			buildActionMask = 2147483647;
			files = (
			);
			runOnlyForDeploymentPostprocessing = 0;
		};
/* End PBXResourcesBuildPhase section */

/* Begin PBXSourcesBuildPhase section */
		64DD965826546F08002542A6 /* Sources */ = {
			isa = PBXSourcesBuildPhase;
			buildActionMask = 2147483647;
			files = (
				64DD97192654AA69002542A6 /* DailyWeatherView.swift in Sources */,
				64DD97142654A6FD002542A6 /* HourlyWeatherView.swift in Sources */,
				64DD969D26546FDC002542A6 /* API+Extensions.swift in Sources */,
				64DD96C026547F48002542A6 /* CityViewModel.swift in Sources */,
				64DD970A265498A4002542A6 /* CityNameView.swift in Sources */,
				64DD96B12654771D002542A6 /* WeatherDetail.swift in Sources */,
				64DD96A7265476C2002542A6 /* WeatherResponse.swift in Sources */,
				64DD971E2654AEF4002542A6 /* CityView.swift in Sources */,
				64DD96B626547737002542A6 /* WeatherDaily.swift in Sources */,
				64DD969526546FA1002542A6 /* Api.swift in Sources */,
				64DD96A226547138002542A6 /* NetworkManager.swift in Sources */,
				64DD970526549582002542A6 /* MenuHeaderView.swift in Sources */,
				64DD966226546F08002542A6 /* ContentView.swift in Sources */,
				64DD966026546F08002542A6 /* HavaMomentoMvvmApp.swift in Sources */,
				64DD970F265499B5002542A6 /* TodayWeatherView.swift in Sources */,
				64DD96BB26547BFE002542A6 /* Temperature.swift in Sources */,
				64DD96AC26547704002542A6 /* Weather.swift in Sources */,
				64DD96CB2654910E002542A6 /* LottieView.swift in Sources */,
			);
			runOnlyForDeploymentPostprocessing = 0;
		};
		64DD966926546F08002542A6 /* Sources */ = {
			isa = PBXSourcesBuildPhase;
			buildActionMask = 2147483647;
			files = (
				64DD967226546F08002542A6 /* HavaMomentoMvvmTests.swift in Sources */,
			);
			runOnlyForDeploymentPostprocessing = 0;
		};
		64DD967426546F08002542A6 /* Sources */ = {
			isa = PBXSourcesBuildPhase;
			buildActionMask = 2147483647;
			files = (
				64DD967D26546F08002542A6 /* HavaMomentoMvvmUITests.swift in Sources */,
			);
			runOnlyForDeploymentPostprocessing = 0;
		};
/* End PBXSourcesBuildPhase section */

/* Begin PBXTargetDependency section */
		64DD966F26546F08002542A6 /* PBXTargetDependency */ = {
			isa = PBXTargetDependency;
			target = 64DD965B26546F08002542A6 /* HavaMomentoMvvm */;
			targetProxy = 64DD966E26546F08002542A6 /* PBXContainerItemProxy */;
		};
		64DD967A26546F08002542A6 /* PBXTargetDependency */ = {
			isa = PBXTargetDependency;
			target = 64DD965B26546F08002542A6 /* HavaMomentoMvvm */;
			targetProxy = 64DD967926546F08002542A6 /* PBXContainerItemProxy */;
		};
/* End PBXTargetDependency section */

/* Begin XCBuildConfiguration section */
		64DD967F26546F08002542A6 /* Debug */ = {
			isa = XCBuildConfiguration;
			buildSettings = {
				ALWAYS_SEARCH_USER_PATHS = NO;
				CLANG_ANALYZER_NONNULL = YES;
				CLANG_ANALYZER_NUMBER_OBJECT_CONVERSION = YES_AGGRESSIVE;
				CLANG_CXX_LANGUAGE_STANDARD = "gnu++14";
				CLANG_CXX_LIBRARY = "libc++";
				CLANG_ENABLE_MODULES = YES;
				CLANG_ENABLE_OBJC_ARC = YES;
				CLANG_ENABLE_OBJC_WEAK = YES;
				CLANG_WARN_BLOCK_CAPTURE_AUTORELEASING = YES;
				CLANG_WARN_BOOL_CONVERSION = YES;
				CLANG_WARN_COMMA = YES;
				CLANG_WARN_CONSTANT_CONVERSION = YES;
				CLANG_WARN_DEPRECATED_OBJC_IMPLEMENTATIONS = YES;
				CLANG_WARN_DIRECT_OBJC_ISA_USAGE = YES_ERROR;
				CLANG_WARN_DOCUMENTATION_COMMENTS = YES;
				CLANG_WARN_EMPTY_BODY = YES;
				CLANG_WARN_ENUM_CONVERSION = YES;
				CLANG_WARN_INFINITE_RECURSION = YES;
				CLANG_WARN_INT_CONVERSION = YES;
				CLANG_WARN_NON_LITERAL_NULL_CONVERSION = YES;
				CLANG_WARN_OBJC_IMPLICIT_RETAIN_SELF = YES;
				CLANG_WARN_OBJC_LITERAL_CONVERSION = YES;
				CLANG_WARN_OBJC_ROOT_CLASS = YES_ERROR;
				CLANG_WARN_QUOTED_INCLUDE_IN_FRAMEWORK_HEADER = YES;
				CLANG_WARN_RANGE_LOOP_ANALYSIS = YES;
				CLANG_WARN_STRICT_PROTOTYPES = YES;
				CLANG_WARN_SUSPICIOUS_MOVE = YES;
				CLANG_WARN_UNGUARDED_AVAILABILITY = YES_AGGRESSIVE;
				CLANG_WARN_UNREACHABLE_CODE = YES;
				CLANG_WARN__DUPLICATE_METHOD_MATCH = YES;
				COPY_PHASE_STRIP = NO;
				DEBUG_INFORMATION_FORMAT = dwarf;
				ENABLE_STRICT_OBJC_MSGSEND = YES;
				ENABLE_TESTABILITY = YES;
				GCC_C_LANGUAGE_STANDARD = gnu11;
				GCC_DYNAMIC_NO_PIC = NO;
				GCC_NO_COMMON_BLOCKS = YES;
				GCC_OPTIMIZATION_LEVEL = 0;
				GCC_PREPROCESSOR_DEFINITIONS = (
					"DEBUG=1",
					"$(inherited)",
				);
				GCC_WARN_64_TO_32_BIT_CONVERSION = YES;
				GCC_WARN_ABOUT_RETURN_TYPE = YES_ERROR;
				GCC_WARN_UNDECLARED_SELECTOR = YES;
				GCC_WARN_UNINITIALIZED_AUTOS = YES_AGGRESSIVE;
				GCC_WARN_UNUSED_FUNCTION = YES;
				GCC_WARN_UNUSED_VARIABLE = YES;
				IPHONEOS_DEPLOYMENT_TARGET = 14.2;
				MTL_ENABLE_DEBUG_INFO = INCLUDE_SOURCE;
				MTL_FAST_MATH = YES;
				ONLY_ACTIVE_ARCH = YES;
				SDKROOT = iphoneos;
				SWIFT_ACTIVE_COMPILATION_CONDITIONS = DEBUG;
				SWIFT_OPTIMIZATION_LEVEL = "-Onone";
			};
			name = Debug;
		};
		64DD968026546F08002542A6 /* Release */ = {
			isa = XCBuildConfiguration;
			buildSettings = {
				ALWAYS_SEARCH_USER_PATHS = NO;
				CLANG_ANALYZER_NONNULL = YES;
				CLANG_ANALYZER_NUMBER_OBJECT_CONVERSION = YES_AGGRESSIVE;
				CLANG_CXX_LANGUAGE_STANDARD = "gnu++14";
				CLANG_CXX_LIBRARY = "libc++";
				CLANG_ENABLE_MODULES = YES;
				CLANG_ENABLE_OBJC_ARC = YES;
				CLANG_ENABLE_OBJC_WEAK = YES;
				CLANG_WARN_BLOCK_CAPTURE_AUTORELEASING = YES;
				CLANG_WARN_BOOL_CONVERSION = YES;
				CLANG_WARN_COMMA = YES;
				CLANG_WARN_CONSTANT_CONVERSION = YES;
				CLANG_WARN_DEPRECATED_OBJC_IMPLEMENTATIONS = YES;
				CLANG_WARN_DIRECT_OBJC_ISA_USAGE = YES_ERROR;
				CLANG_WARN_DOCUMENTATION_COMMENTS = YES;
				CLANG_WARN_EMPTY_BODY = YES;
				CLANG_WARN_ENUM_CONVERSION = YES;
				CLANG_WARN_INFINITE_RECURSION = YES;
				CLANG_WARN_INT_CONVERSION = YES;
				CLANG_WARN_NON_LITERAL_NULL_CONVERSION = YES;
				CLANG_WARN_OBJC_IMPLICIT_RETAIN_SELF = YES;
				CLANG_WARN_OBJC_LITERAL_CONVERSION = YES;
				CLANG_WARN_OBJC_ROOT_CLASS = YES_ERROR;
				CLANG_WARN_QUOTED_INCLUDE_IN_FRAMEWORK_HEADER = YES;
				CLANG_WARN_RANGE_LOOP_ANALYSIS = YES;
				CLANG_WARN_STRICT_PROTOTYPES = YES;
				CLANG_WARN_SUSPICIOUS_MOVE = YES;
				CLANG_WARN_UNGUARDED_AVAILABILITY = YES_AGGRESSIVE;
				CLANG_WARN_UNREACHABLE_CODE = YES;
				CLANG_WARN__DUPLICATE_METHOD_MATCH = YES;
				COPY_PHASE_STRIP = NO;
				DEBUG_INFORMATION_FORMAT = "dwarf-with-dsym";
				ENABLE_NS_ASSERTIONS = NO;
				ENABLE_STRICT_OBJC_MSGSEND = YES;
				GCC_C_LANGUAGE_STANDARD = gnu11;
				GCC_NO_COMMON_BLOCKS = YES;
				GCC_WARN_64_TO_32_BIT_CONVERSION = YES;
				GCC_WARN_ABOUT_RETURN_TYPE = YES_ERROR;
				GCC_WARN_UNDECLARED_SELECTOR = YES;
				GCC_WARN_UNINITIALIZED_AUTOS = YES_AGGRESSIVE;
				GCC_WARN_UNUSED_FUNCTION = YES;
				GCC_WARN_UNUSED_VARIABLE = YES;
				IPHONEOS_DEPLOYMENT_TARGET = 14.2;
				MTL_ENABLE_DEBUG_INFO = NO;
				MTL_FAST_MATH = YES;
				SDKROOT = iphoneos;
				SWIFT_COMPILATION_MODE = wholemodule;
				SWIFT_OPTIMIZATION_LEVEL = "-O";
				VALIDATE_PRODUCT = YES;
			};
			name = Release;
		};
		64DD968226546F08002542A6 /* Debug */ = {
			isa = XCBuildConfiguration;
			buildSettings = {
				ASSETCATALOG_COMPILER_APPICON_NAME = AppIcon;
				ASSETCATALOG_COMPILER_GLOBAL_ACCENT_COLOR_NAME = AccentColor;
				CODE_SIGN_STYLE = Automatic;
				DEVELOPMENT_ASSET_PATHS = "\"HavaMomentoMvvm/Preview Content\"";
				DEVELOPMENT_TEAM = 2PQW54TW27;
				ENABLE_PREVIEWS = YES;
				INFOPLIST_FILE = HavaMomentoMvvm/Info.plist;
				IPHONEOS_DEPLOYMENT_TARGET = 14.0;
				LD_RUNPATH_SEARCH_PATHS = (
					"$(inherited)",
					"@executable_path/Frameworks",
				);
				PRODUCT_BUNDLE_IDENTIFIER = com.davletvm.com.HavaMomentoMvvm;
				PRODUCT_NAME = "$(TARGET_NAME)";
				SWIFT_VERSION = 5.0;
				TARGETED_DEVICE_FAMILY = "1,2";
			};
			name = Debug;
		};
		64DD968326546F08002542A6 /* Release */ = {
			isa = XCBuildConfiguration;
			buildSettings = {
				ASSETCATALOG_COMPILER_APPICON_NAME = AppIcon;
				ASSETCATALOG_COMPILER_GLOBAL_ACCENT_COLOR_NAME = AccentColor;
				CODE_SIGN_STYLE = Automatic;
				DEVELOPMENT_ASSET_PATHS = "\"HavaMomentoMvvm/Preview Content\"";
				DEVELOPMENT_TEAM = 2PQW54TW27;
				ENABLE_PREVIEWS = YES;
				INFOPLIST_FILE = HavaMomentoMvvm/Info.plist;
				IPHONEOS_DEPLOYMENT_TARGET = 14.0;
				LD_RUNPATH_SEARCH_PATHS = (
					"$(inherited)",
					"@executable_path/Frameworks",
				);
				PRODUCT_BUNDLE_IDENTIFIER = com.davletvm.com.HavaMomentoMvvm;
				PRODUCT_NAME = "$(TARGET_NAME)";
				SWIFT_VERSION = 5.0;
				TARGETED_DEVICE_FAMILY = "1,2";
			};
			name = Release;
		};
		64DD968526546F08002542A6 /* Debug */ = {
			isa = XCBuildConfiguration;
			buildSettings = {
				ALWAYS_EMBED_SWIFT_STANDARD_LIBRARIES = YES;
				BUNDLE_LOADER = "$(TEST_HOST)";
				CODE_SIGN_STYLE = Automatic;
				DEVELOPMENT_TEAM = 2PQW54TW27;
				INFOPLIST_FILE = HavaMomentoMvvmTests/Info.plist;
				IPHONEOS_DEPLOYMENT_TARGET = 14.0;
				LD_RUNPATH_SEARCH_PATHS = (
					"$(inherited)",
					"@executable_path/Frameworks",
					"@loader_path/Frameworks",
				);
				PRODUCT_BUNDLE_IDENTIFIER = com.davletvm.com.HavaMomentoMvvmTests;
				PRODUCT_NAME = "$(TARGET_NAME)";
				SWIFT_VERSION = 5.0;
				TARGETED_DEVICE_FAMILY = "1,2";
				TEST_HOST = "$(BUILT_PRODUCTS_DIR)/HavaMomentoMvvm.app/HavaMomentoMvvm";
			};
			name = Debug;
		};
		64DD968626546F08002542A6 /* Release */ = {
			isa = XCBuildConfiguration;
			buildSettings = {
				ALWAYS_EMBED_SWIFT_STANDARD_LIBRARIES = YES;
				BUNDLE_LOADER = "$(TEST_HOST)";
				CODE_SIGN_STYLE = Automatic;
				DEVELOPMENT_TEAM = 2PQW54TW27;
				INFOPLIST_FILE = HavaMomentoMvvmTests/Info.plist;
				IPHONEOS_DEPLOYMENT_TARGET = 14.0;
				LD_RUNPATH_SEARCH_PATHS = (
					"$(inherited)",
					"@executable_path/Frameworks",
					"@loader_path/Frameworks",
				);
				PRODUCT_BUNDLE_IDENTIFIER = com.davletvm.com.HavaMomentoMvvmTests;
				PRODUCT_NAME = "$(TARGET_NAME)";
				SWIFT_VERSION = 5.0;
				TARGETED_DEVICE_FAMILY = "1,2";
				TEST_HOST = "$(BUILT_PRODUCTS_DIR)/HavaMomentoMvvm.app/HavaMomentoMvvm";
			};
			name = Release;
		};
		64DD968826546F08002542A6 /* Debug */ = {
			isa = XCBuildConfiguration;
			buildSettings = {
				ALWAYS_EMBED_SWIFT_STANDARD_LIBRARIES = YES;
				CODE_SIGN_STYLE = Automatic;
				DEVELOPMENT_TEAM = 2PQW54TW27;
				INFOPLIST_FILE = HavaMomentoMvvmUITests/Info.plist;
				LD_RUNPATH_SEARCH_PATHS = (
					"$(inherited)",
					"@executable_path/Frameworks",
					"@loader_path/Frameworks",
				);
				PRODUCT_BUNDLE_IDENTIFIER = com.davletvm.com.HavaMomentoMvvmUITests;
				PRODUCT_NAME = "$(TARGET_NAME)";
				SWIFT_VERSION = 5.0;
				TARGETED_DEVICE_FAMILY = "1,2";
				TEST_TARGET_NAME = HavaMomentoMvvm;
			};
			name = Debug;
		};
		64DD968926546F08002542A6 /* Release */ = {
			isa = XCBuildConfiguration;
			buildSettings = {
				ALWAYS_EMBED_SWIFT_STANDARD_LIBRARIES = YES;
				CODE_SIGN_STYLE = Automatic;
				DEVELOPMENT_TEAM = 2PQW54TW27;
				INFOPLIST_FILE = HavaMomentoMvvmUITests/Info.plist;
				LD_RUNPATH_SEARCH_PATHS = (
					"$(inherited)",
					"@executable_path/Frameworks",
					"@loader_path/Frameworks",
				);
				PRODUCT_BUNDLE_IDENTIFIER = com.davletvm.com.HavaMomentoMvvmUITests;
				PRODUCT_NAME = "$(TARGET_NAME)";
				SWIFT_VERSION = 5.0;
				TARGETED_DEVICE_FAMILY = "1,2";
				TEST_TARGET_NAME = HavaMomentoMvvm;
			};
			name = Release;
		};
/* End XCBuildConfiguration section */

/* Begin XCConfigurationList section */
		64DD965726546F08002542A6 /* Build configuration list for PBXProject "HavaMomentoMvvm" */ = {
			isa = XCConfigurationList;
			buildConfigurations = (
				64DD967F26546F08002542A6 /* Debug */,
				64DD968026546F08002542A6 /* Release */,
			);
			defaultConfigurationIsVisible = 0;
			defaultConfigurationName = Release;
		};
		64DD968126546F08002542A6 /* Build configuration list for PBXNativeTarget "HavaMomentoMvvm" */ = {
			isa = XCConfigurationList;
			buildConfigurations = (
				64DD968226546F08002542A6 /* Debug */,
				64DD968326546F08002542A6 /* Release */,
			);
			defaultConfigurationIsVisible = 0;
			defaultConfigurationName = Release;
		};
		64DD968426546F08002542A6 /* Build configuration list for PBXNativeTarget "HavaMomentoMvvmTests" */ = {
			isa = XCConfigurationList;
			buildConfigurations = (
				64DD968526546F08002542A6 /* Debug */,
				64DD968626546F08002542A6 /* Release */,
			);
			defaultConfigurationIsVisible = 0;
			defaultConfigurationName = Release;
		};
		64DD968726546F08002542A6 /* Build configuration list for PBXNativeTarget "HavaMomentoMvvmUITests" */ = {
			isa = XCConfigurationList;
			buildConfigurations = (
				64DD968826546F08002542A6 /* Debug */,
				64DD968926546F08002542A6 /* Release */,
			);
			defaultConfigurationIsVisible = 0;
			defaultConfigurationName = Release;
		};
/* End XCConfigurationList section */

/* Begin XCRemoteSwiftPackageReference section */
		64DD96C426549068002542A6 /* XCRemoteSwiftPackageReference "lottie-ios" */ = {
			isa = XCRemoteSwiftPackageReference;
			repositoryURL = "https://github.com/airbnb/lottie-ios.git";
			requirement = {
				kind = upToNextMajorVersion;
				minimumVersion = 3.2.3;
			};
		};
/* End XCRemoteSwiftPackageReference section */

/* Begin XCSwiftPackageProductDependency section */
		64DD96C526549068002542A6 /* Lottie */ = {
			isa = XCSwiftPackageProductDependency;
			package = 64DD96C426549068002542A6 /* XCRemoteSwiftPackageReference "lottie-ios" */;
			productName = Lottie;
		};
/* End XCSwiftPackageProductDependency section */
	};
	rootObject = 64DD965426546F08002542A6 /* Project object */;
}
